// !$*UTF8*$!
{
	archiveVersion = 1;
	classes = {
	};
	objectVersion = 56;
	objects = {

/* Begin PBXBuildFile section */
		6C0D90E92AA6F60E00C5D0E6 /* OneApp.swift in Sources */ = {isa = PBXBuildFile; fileRef = 6C0D90E82AA6F60E00C5D0E6 /* OneApp.swift */; };
		6C0D90EB2AA6F60E00C5D0E6 /* ContentView.swift in Sources */ = {isa = PBXBuildFile; fileRef = 6C0D90EA2AA6F60E00C5D0E6 /* ContentView.swift */; };
		6C0D90ED2AA6F60F00C5D0E6 /* Assets.xcassets in Resources */ = {isa = PBXBuildFile; fileRef = 6C0D90EC2AA6F60F00C5D0E6 /* Assets.xcassets */; };
		6C0D90F02AA6F60F00C5D0E6 /* Preview Assets.xcassets in Resources */ = {isa = PBXBuildFile; fileRef = 6C0D90EF2AA6F60F00C5D0E6 /* Preview Assets.xcassets */; };
		6C15B4B92AFE577800F02283 /* Test.swift in Sources */ = {isa = PBXBuildFile; fileRef = 6C15B4B82AFE577800F02283 /* Test.swift */; };
		6C17ADE62AB752AC009B74AD /* ControlBar.swift in Sources */ = {isa = PBXBuildFile; fileRef = 6C17ADE52AB752AC009B74AD /* ControlBar.swift */; };
		6C17ADE92AB761ED009B74AD /* CursorWheel.swift in Sources */ = {isa = PBXBuildFile; fileRef = 6C17ADE82AB761ED009B74AD /* CursorWheel.swift */; };
		6C17ADEB2ABA093A009B74AD /* cmunorm.ttf in Resources */ = {isa = PBXBuildFile; fileRef = 6C17ADEA2ABA0939009B74AD /* cmunorm.ttf */; };
		6C1BA2E92ACDADC00071BA1B /* ClearSwitch.swift in Sources */ = {isa = PBXBuildFile; fileRef = 6C1BA2E82ACDADC00071BA1B /* ClearSwitch.swift */; };
		6C2F0BEB2AFA9FDB00BEC549 /* FormulaScrollView.swift in Sources */ = {isa = PBXBuildFile; fileRef = 6C2F0BEA2AFA9FDB00BEC549 /* FormulaScrollView.swift */; };
		6C3A77152AF8FD37004E823D /* ScrollableView.swift in Sources */ = {isa = PBXBuildFile; fileRef = 6C3A77142AF8FD37004E823D /* ScrollableView.swift */; };
		6C4A78E12AB08B3F00CD776C /* InputField.swift in Sources */ = {isa = PBXBuildFile; fileRef = 6C4A78E02AB08B3F00CD776C /* InputField.swift */; };
		6C4A78E32AB08BCF00CD776C /* Keyboard.swift in Sources */ = {isa = PBXBuildFile; fileRef = 6C4A78E22AB08BCF00CD776C /* Keyboard.swift */; };
		6C4A78E72AB1E07300CD776C /* ClearAllSwitch.swift in Sources */ = {isa = PBXBuildFile; fileRef = 6C4A78E62AB1E07300CD776C /* ClearAllSwitch.swift */; };
		6C4A78E92AB310E400CD776C /* HapticManager.swift in Sources */ = {isa = PBXBuildFile; fileRef = 6C4A78E82AB310E400CD776C /* HapticManager.swift */; };
		6C4B9C882AC74D120037A49E /* KeyboardPicker.swift in Sources */ = {isa = PBXBuildFile; fileRef = 6C4B9C872AC74D120037A49E /* KeyboardPicker.swift */; };
		6C5F6A672AC8975900BF75FA /* MainKeyboard_old.swift in Sources */ = {isa = PBXBuildFile; fileRef = 6C5F6A662AC8975900BF75FA /* MainKeyboard_old.swift */; };
		6C64BE242AD5411800D27401 /* ElementModel.swift in Sources */ = {isa = PBXBuildFile; fileRef = 6C64BE232AD5411800D27401 /* ElementModel.swift */; };
		6C68D8E62AAF74B500E8C901 /* KeyAttr.swift in Sources */ = {isa = PBXBuildFile; fileRef = 6C68D8E52AAF74B500E8C901 /* KeyAttr.swift */; };
		6C68D8E92AAF752200E8C901 /* KeyList.swift in Sources */ = {isa = PBXBuildFile; fileRef = 6C68D8E82AAF752200E8C901 /* KeyList.swift */; };
		6C905FE02AFD503A008319BA /* FractionVIew.swift in Sources */ = {isa = PBXBuildFile; fileRef = 6C905FDF2AFD503A008319BA /* FractionVIew.swift */; };
		6CA0DDD22AD9A78F00D26009 /* RadicalView.swift in Sources */ = {isa = PBXBuildFile; fileRef = 6CA0DDD12AD9A78F00D26009 /* RadicalView.swift */; };
		6CB5D51B2AD2DFCD00E098A2 /* funtionBar.swift in Sources */ = {isa = PBXBuildFile; fileRef = 6CB5D51A2AD2DFCD00E098A2 /* funtionBar.swift */; };
		6CB5D51D2AD2FDE800E098A2 /* Key.swift in Sources */ = {isa = PBXBuildFile; fileRef = 6CB5D51C2AD2FDE800E098A2 /* Key.swift */; };
		6CC4DDE42AE0FD60007E4625 /* MainKeyboard.swift in Sources */ = {isa = PBXBuildFile; fileRef = 6CC4DDE32AE0FD60007E4625 /* MainKeyboard.swift */; };
		6CC9D22A2AD42CBB00EB108B /* ElementModelProperties.swift in Sources */ = {isa = PBXBuildFile; fileRef = 6CC9D2292AD42CBB00EB108B /* ElementModelProperties.swift */; };
		6CCCA68D2AD8487800111EA4 /* Extensions.swift in Sources */ = {isa = PBXBuildFile; fileRef = 6CCCA68C2AD8487800111EA4 /* Extensions.swift */; };
		6CCED06E2AC5679F008A96C8 /* FormulaView.swift in Sources */ = {isa = PBXBuildFile; fileRef = 6CCED06D2AC5679F008A96C8 /* FormulaView.swift */; };
		6CCED0702AC56801008A96C8 /* FormulaViewModel.swift in Sources */ = {isa = PBXBuildFile; fileRef = 6CCED06F2AC56801008A96C8 /* FormulaViewModel.swift */; };
		6CCED0722AC568DB008A96C8 /* FormulaModels.swift in Sources */ = {isa = PBXBuildFile; fileRef = 6CCED0712AC568DB008A96C8 /* FormulaModels.swift */; };
		6CCED0742AC587CC008A96C8 /* CursorModifier.swift in Sources */ = {isa = PBXBuildFile; fileRef = 6CCED0732AC587CC008A96C8 /* CursorModifier.swift */; };
		6CCED0762AC58F35008A96C8 /* AnimationModifier.swift in Sources */ = {isa = PBXBuildFile; fileRef = 6CCED0752AC58F35008A96C8 /* AnimationModifier.swift */; };
		6CD03F7F2B2624D600EE60A3 /* CalculationError.swift in Sources */ = {isa = PBXBuildFile; fileRef = 6CD03F7E2B2624D600EE60A3 /* CalculationError.swift */; };
		6CDF76D42ADEBC36000654AE /* BracketView.swift in Sources */ = {isa = PBXBuildFile; fileRef = 6CDF76D32ADEBC36000654AE /* BracketView.swift */; };
		6CDF76D72ADED981000654AE /* InputFieldViewModel.swift in Sources */ = {isa = PBXBuildFile; fileRef = 6CDF76D62ADED981000654AE /* InputFieldViewModel.swift */; };
		6CDF76D92AE02CEC000654AE /* KeyWithMenu.swift in Sources */ = {isa = PBXBuildFile; fileRef = 6CDF76D82AE02CEC000654AE /* KeyWithMenu.swift */; };
		6CE839332B29D7F6005A05DB /* SettingsPage.swift in Sources */ = {isa = PBXBuildFile; fileRef = 6CE839322B29D7F6005A05DB /* SettingsPage.swift */; };
		6CEA330F2B2597EC00CB6951 /* AnswerField.swift in Sources */ = {isa = PBXBuildFile; fileRef = 6CEA330E2B2597EC00CB6951 /* AnswerField.swift */; };
		6CEA33112B25A0D300CB6951 /* Calculator.swift in Sources */ = {isa = PBXBuildFile; fileRef = 6CEA33102B25A0D300CB6951 /* Calculator.swift */; };
		6CF06CD62AF6B5FF007341D3 /* TapModifier.swift in Sources */ = {isa = PBXBuildFile; fileRef = 6CF06CD52AF6B5FF007341D3 /* TapModifier.swift */; };
		6CF8AC6D2B25D89B004581AA /* Swift-Big-Number-Core.swift in Sources */ = {isa = PBXBuildFile; fileRef = 6CF8AC6C2B25D89B004581AA /* Swift-Big-Number-Core.swift */; };
		6CF8AC6F2B25D8D7004581AA /* CustomArithmetic.swift in Sources */ = {isa = PBXBuildFile; fileRef = 6CF8AC6E2B25D8D7004581AA /* CustomArithmetic.swift */; };
		6CFB7D532ABA1AD6004EEB33 /* cmunobx.ttf in Resources */ = {isa = PBXBuildFile; fileRef = 6CFB7D522ABA1AD6004EEB33 /* cmunobx.ttf */; };
/* End PBXBuildFile section */

/* Begin PBXFileReference section */
		6C0D90E52AA6F60E00C5D0E6 /* One.app */ = {isa = PBXFileReference; explicitFileType = wrapper.application; includeInIndex = 0; path = One.app; sourceTree = BUILT_PRODUCTS_DIR; };
		6C0D90E82AA6F60E00C5D0E6 /* OneApp.swift */ = {isa = PBXFileReference; lastKnownFileType = sourcecode.swift; path = OneApp.swift; sourceTree = "<group>"; };
		6C0D90EA2AA6F60E00C5D0E6 /* ContentView.swift */ = {isa = PBXFileReference; lastKnownFileType = sourcecode.swift; path = ContentView.swift; sourceTree = "<group>"; };
		6C0D90EC2AA6F60F00C5D0E6 /* Assets.xcassets */ = {isa = PBXFileReference; lastKnownFileType = folder.assetcatalog; path = Assets.xcassets; sourceTree = "<group>"; };
		6C0D90EF2AA6F60F00C5D0E6 /* Preview Assets.xcassets */ = {isa = PBXFileReference; lastKnownFileType = folder.assetcatalog; path = "Preview Assets.xcassets"; sourceTree = "<group>"; };
		6C15B4B82AFE577800F02283 /* Test.swift */ = {isa = PBXFileReference; lastKnownFileType = sourcecode.swift; path = Test.swift; sourceTree = "<group>"; };
		6C17ADE52AB752AC009B74AD /* ControlBar.swift */ = {isa = PBXFileReference; lastKnownFileType = sourcecode.swift; path = ControlBar.swift; sourceTree = "<group>"; };
		6C17ADE82AB761ED009B74AD /* CursorWheel.swift */ = {isa = PBXFileReference; lastKnownFileType = sourcecode.swift; path = CursorWheel.swift; sourceTree = "<group>"; };
		6C17ADEA2ABA0939009B74AD /* cmunorm.ttf */ = {isa = PBXFileReference; lastKnownFileType = file; path = cmunorm.ttf; sourceTree = "<group>"; };
		6C17ADEC2ABA0AAF009B74AD /* Info.plist */ = {isa = PBXFileReference; lastKnownFileType = text.plist.xml; path = Info.plist; sourceTree = "<group>"; };
		6C1BA2E82ACDADC00071BA1B /* ClearSwitch.swift */ = {isa = PBXFileReference; lastKnownFileType = sourcecode.swift; path = ClearSwitch.swift; sourceTree = "<group>"; };
		6C2F0BEA2AFA9FDB00BEC549 /* FormulaScrollView.swift */ = {isa = PBXFileReference; lastKnownFileType = sourcecode.swift; path = FormulaScrollView.swift; sourceTree = "<group>"; };
		6C3A77142AF8FD37004E823D /* ScrollableView.swift */ = {isa = PBXFileReference; lastKnownFileType = sourcecode.swift; path = ScrollableView.swift; sourceTree = "<group>"; };
		6C4A78E02AB08B3F00CD776C /* InputField.swift */ = {isa = PBXFileReference; lastKnownFileType = sourcecode.swift; path = InputField.swift; sourceTree = "<group>"; };
		6C4A78E22AB08BCF00CD776C /* Keyboard.swift */ = {isa = PBXFileReference; lastKnownFileType = sourcecode.swift; path = Keyboard.swift; sourceTree = "<group>"; };
		6C4A78E62AB1E07300CD776C /* ClearAllSwitch.swift */ = {isa = PBXFileReference; lastKnownFileType = sourcecode.swift; path = ClearAllSwitch.swift; sourceTree = "<group>"; };
		6C4A78E82AB310E400CD776C /* HapticManager.swift */ = {isa = PBXFileReference; lastKnownFileType = sourcecode.swift; path = HapticManager.swift; sourceTree = "<group>"; };
		6C4B9C872AC74D120037A49E /* KeyboardPicker.swift */ = {isa = PBXFileReference; lastKnownFileType = sourcecode.swift; path = KeyboardPicker.swift; sourceTree = "<group>"; };
		6C5F6A662AC8975900BF75FA /* MainKeyboard_old.swift */ = {isa = PBXFileReference; lastKnownFileType = sourcecode.swift; path = MainKeyboard_old.swift; sourceTree = "<group>"; };
		6C64BE232AD5411800D27401 /* ElementModel.swift */ = {isa = PBXFileReference; lastKnownFileType = sourcecode.swift; path = ElementModel.swift; sourceTree = "<group>"; };
		6C68D8E52AAF74B500E8C901 /* KeyAttr.swift */ = {isa = PBXFileReference; lastKnownFileType = sourcecode.swift; path = KeyAttr.swift; sourceTree = "<group>"; };
		6C68D8E82AAF752200E8C901 /* KeyList.swift */ = {isa = PBXFileReference; lastKnownFileType = sourcecode.swift; path = KeyList.swift; sourceTree = "<group>"; };
		6C905FDF2AFD503A008319BA /* FractionVIew.swift */ = {isa = PBXFileReference; lastKnownFileType = sourcecode.swift; path = FractionVIew.swift; sourceTree = "<group>"; };
		6CA0DDD12AD9A78F00D26009 /* RadicalView.swift */ = {isa = PBXFileReference; lastKnownFileType = sourcecode.swift; path = RadicalView.swift; sourceTree = "<group>"; };
		6CB5D51A2AD2DFCD00E098A2 /* funtionBar.swift */ = {isa = PBXFileReference; lastKnownFileType = sourcecode.swift; path = funtionBar.swift; sourceTree = "<group>"; };
		6CB5D51C2AD2FDE800E098A2 /* Key.swift */ = {isa = PBXFileReference; lastKnownFileType = sourcecode.swift; path = Key.swift; sourceTree = "<group>"; };
		6CC4DDE32AE0FD60007E4625 /* MainKeyboard.swift */ = {isa = PBXFileReference; lastKnownFileType = sourcecode.swift; path = MainKeyboard.swift; sourceTree = "<group>"; };
		6CC9D2292AD42CBB00EB108B /* ElementModelProperties.swift */ = {isa = PBXFileReference; lastKnownFileType = sourcecode.swift; path = ElementModelProperties.swift; sourceTree = "<group>"; };
		6CCCA68C2AD8487800111EA4 /* Extensions.swift */ = {isa = PBXFileReference; lastKnownFileType = sourcecode.swift; path = Extensions.swift; sourceTree = "<group>"; };
		6CCED06D2AC5679F008A96C8 /* FormulaView.swift */ = {isa = PBXFileReference; lastKnownFileType = sourcecode.swift; path = FormulaView.swift; sourceTree = "<group>"; };
		6CCED06F2AC56801008A96C8 /* FormulaViewModel.swift */ = {isa = PBXFileReference; lastKnownFileType = sourcecode.swift; path = FormulaViewModel.swift; sourceTree = "<group>"; };
		6CCED0712AC568DB008A96C8 /* FormulaModels.swift */ = {isa = PBXFileReference; lastKnownFileType = sourcecode.swift; path = FormulaModels.swift; sourceTree = "<group>"; };
		6CCED0732AC587CC008A96C8 /* CursorModifier.swift */ = {isa = PBXFileReference; lastKnownFileType = sourcecode.swift; path = CursorModifier.swift; sourceTree = "<group>"; };
		6CCED0752AC58F35008A96C8 /* AnimationModifier.swift */ = {isa = PBXFileReference; lastKnownFileType = sourcecode.swift; path = AnimationModifier.swift; sourceTree = "<group>"; };
		6CD03F7E2B2624D600EE60A3 /* CalculationError.swift */ = {isa = PBXFileReference; lastKnownFileType = sourcecode.swift; path = CalculationError.swift; sourceTree = "<group>"; };
		6CDF76D32ADEBC36000654AE /* BracketView.swift */ = {isa = PBXFileReference; lastKnownFileType = sourcecode.swift; path = BracketView.swift; sourceTree = "<group>"; };
		6CDF76D62ADED981000654AE /* InputFieldViewModel.swift */ = {isa = PBXFileReference; lastKnownFileType = sourcecode.swift; path = InputFieldViewModel.swift; sourceTree = "<group>"; };
		6CDF76D82AE02CEC000654AE /* KeyWithMenu.swift */ = {isa = PBXFileReference; lastKnownFileType = sourcecode.swift; path = KeyWithMenu.swift; sourceTree = "<group>"; };
		6CE839322B29D7F6005A05DB /* SettingsPage.swift */ = {isa = PBXFileReference; lastKnownFileType = sourcecode.swift; path = SettingsPage.swift; sourceTree = "<group>"; };
		6CEA330E2B2597EC00CB6951 /* AnswerField.swift */ = {isa = PBXFileReference; lastKnownFileType = sourcecode.swift; path = AnswerField.swift; sourceTree = "<group>"; };
		6CEA33102B25A0D300CB6951 /* Calculator.swift */ = {isa = PBXFileReference; lastKnownFileType = sourcecode.swift; path = Calculator.swift; sourceTree = "<group>"; };
		6CF06CD52AF6B5FF007341D3 /* TapModifier.swift */ = {isa = PBXFileReference; lastKnownFileType = sourcecode.swift; path = TapModifier.swift; sourceTree = "<group>"; };
		6CF8AC6C2B25D89B004581AA /* Swift-Big-Number-Core.swift */ = {isa = PBXFileReference; fileEncoding = 4; lastKnownFileType = sourcecode.swift; path = "Swift-Big-Number-Core.swift"; sourceTree = "<group>"; };
		6CF8AC6E2B25D8D7004581AA /* CustomArithmetic.swift */ = {isa = PBXFileReference; lastKnownFileType = sourcecode.swift; path = CustomArithmetic.swift; sourceTree = "<group>"; };
		6CFB7D522ABA1AD6004EEB33 /* cmunobx.ttf */ = {isa = PBXFileReference; lastKnownFileType = file; path = cmunobx.ttf; sourceTree = "<group>"; };
/* End PBXFileReference section */

/* Begin PBXFrameworksBuildPhase section */
		6C0D90E22AA6F60E00C5D0E6 /* Frameworks */ = {
			isa = PBXFrameworksBuildPhase;
			buildActionMask = 2147483647;
			files = (
			);
			runOnlyForDeploymentPostprocessing = 0;
		};
/* End PBXFrameworksBuildPhase section */

/* Begin PBXGroup section */
		6C0D90DC2AA6F60E00C5D0E6 = {
			isa = PBXGroup;
			children = (
				6C0D90E72AA6F60E00C5D0E6 /* One */,
				6C0D90E62AA6F60E00C5D0E6 /* Products */,
			);
			sourceTree = "<group>";
		};
		6C0D90E62AA6F60E00C5D0E6 /* Products */ = {
			isa = PBXGroup;
			children = (
				6C0D90E52AA6F60E00C5D0E6 /* One.app */,
			);
			name = Products;
			sourceTree = "<group>";
		};
		6C0D90E72AA6F60E00C5D0E6 /* One */ = {
			isa = PBXGroup;
			children = (
				6CCED0602AC4405D008A96C8 /* Code */,
				6CCED0622AC44094008A96C8 /* Supporting Files */,
				6CCED05F2AC44043008A96C8 /* Resources */,
				6C68D8E82AAF752200E8C901 /* KeyList.swift */,
				6C68D8E52AAF74B500E8C901 /* KeyAttr.swift */,
				6C17ADEC2ABA0AAF009B74AD /* Info.plist */,
				6C0D90EE2AA6F60F00C5D0E6 /* Preview Content */,
				6CC4DDE52AE189F3007E4625 /* Old */,
			);
			path = One;
			sourceTree = "<group>";
		};
		6C0D90EE2AA6F60F00C5D0E6 /* Preview Content */ = {
			isa = PBXGroup;
			children = (
				6C0D90EF2AA6F60F00C5D0E6 /* Preview Assets.xcassets */,
			);
			path = "Preview Content";
			sourceTree = "<group>";
		};
		6C17ADE72AB76102009B74AD /* Keyboard */ = {
			isa = PBXGroup;
			children = (
				6CCED06B2AC4791A008A96C8 /* Views */,
			);
			path = Keyboard;
			sourceTree = "<group>";
		};
		6C4B9C852AC60BD20037A49E /* ViewModifiers */ = {
			isa = PBXGroup;
			children = (
				6CCED0732AC587CC008A96C8 /* CursorModifier.swift */,
				6CCED0752AC58F35008A96C8 /* AnimationModifier.swift */,
				6CF06CD52AF6B5FF007341D3 /* TapModifier.swift */,
			);
			path = ViewModifiers;
			sourceTree = "<group>";
		};
		6C4B9C862AC60BF10037A49E /* Views */ = {
			isa = PBXGroup;
			children = (
				6C4A78E02AB08B3F00CD776C /* InputField.swift */,
				6CEA330E2B2597EC00CB6951 /* AnswerField.swift */,
				6C2F0BEA2AFA9FDB00BEC549 /* FormulaScrollView.swift */,
				6CCED06D2AC5679F008A96C8 /* FormulaView.swift */,
			);
			path = Views;
			sourceTree = "<group>";
		};
		6CC4DDE52AE189F3007E4625 /* Old */ = {
			isa = PBXGroup;
			children = (
				6C3A77142AF8FD37004E823D /* ScrollableView.swift */,
				6C5F6A662AC8975900BF75FA /* MainKeyboard_old.swift */,
				6C4A78E62AB1E07300CD776C /* ClearAllSwitch.swift */,
				6C15B4B82AFE577800F02283 /* Test.swift */,
			);
			path = Old;
			sourceTree = "<group>";
		};
		6CCED05F2AC44043008A96C8 /* Resources */ = {
			isa = PBXGroup;
			children = (
				6C0D90EC2AA6F60F00C5D0E6 /* Assets.xcassets */,
				6CCED0642AC440D4008A96C8 /* Fonts */,
			);
			path = Resources;
			sourceTree = "<group>";
		};
		6CCED0602AC4405D008A96C8 /* Code */ = {
			isa = PBXGroup;
			children = (
				6CDF76D62ADED981000654AE /* InputFieldViewModel.swift */,
				6CCED06F2AC56801008A96C8 /* FormulaViewModel.swift */,
				6CCED0712AC568DB008A96C8 /* FormulaModels.swift */,
				6C64BE232AD5411800D27401 /* ElementModel.swift */,
				6CC9D2292AD42CBB00EB108B /* ElementModelProperties.swift */,
				6CEA33102B25A0D300CB6951 /* Calculator.swift */,
				6CDF76D52ADECA81000654AE /* ElementViews */,
				6CCED0612AC4408C008A96C8 /* Input Field */,
				6C17ADE72AB76102009B74AD /* Keyboard */,
				6CCED0672AC46D02008A96C8 /* History */,
				6CCED0662AC46CF3008A96C8 /* Settings */,
				6CCED0682AC46D7A008A96C8 /* Utilities */,
			);
			path = Code;
			sourceTree = "<group>";
		};
		6CCED0612AC4408C008A96C8 /* Input Field */ = {
			isa = PBXGroup;
			children = (
				6C4B9C862AC60BF10037A49E /* Views */,
				6C4B9C852AC60BD20037A49E /* ViewModifiers */,
			);
			path = "Input Field";
			sourceTree = "<group>";
		};
		6CCED0622AC44094008A96C8 /* Supporting Files */ = {
			isa = PBXGroup;
			children = (
				6C0D90E82AA6F60E00C5D0E6 /* OneApp.swift */,
				6C0D90EA2AA6F60E00C5D0E6 /* ContentView.swift */,
				6CCED0632AC440C0008A96C8 /* Localization */,
			);
			path = "Supporting Files";
			sourceTree = "<group>";
		};
		6CCED0632AC440C0008A96C8 /* Localization */ = {
			isa = PBXGroup;
			children = (
			);
			path = Localization;
			sourceTree = "<group>";
		};
		6CCED0642AC440D4008A96C8 /* Fonts */ = {
			isa = PBXGroup;
			children = (
				6C17ADEA2ABA0939009B74AD /* cmunorm.ttf */,
				6CFB7D522ABA1AD6004EEB33 /* cmunobx.ttf */,
			);
			path = Fonts;
			sourceTree = "<group>";
		};
		6CCED0662AC46CF3008A96C8 /* Settings */ = {
			isa = PBXGroup;
			children = (
			);
			path = Settings;
			sourceTree = "<group>";
		};
		6CCED0672AC46D02008A96C8 /* History */ = {
			isa = PBXGroup;
			children = (
			);
			path = History;
			sourceTree = "<group>";
		};
		6CCED0682AC46D7A008A96C8 /* Utilities */ = {
			isa = PBXGroup;
			children = (
				6C4A78E82AB310E400CD776C /* HapticManager.swift */,
				6CCCA68C2AD8487800111EA4 /* Extensions.swift */,
				6CF8AC6C2B25D89B004581AA /* Swift-Big-Number-Core.swift */,
				6CF8AC6E2B25D8D7004581AA /* CustomArithmetic.swift */,
				6CD03F7E2B2624D600EE60A3 /* CalculationError.swift */,
			);
			path = Utilities;
			sourceTree = "<group>";
		};
		6CCED06B2AC4791A008A96C8 /* Views */ = {
			isa = PBXGroup;
			children = (
				6CB5D51C2AD2FDE800E098A2 /* Key.swift */,
				6C4A78E22AB08BCF00CD776C /* Keyboard.swift */,
				6CB5D51A2AD2DFCD00E098A2 /* funtionBar.swift */,
				6CE839322B29D7F6005A05DB /* SettingsPage.swift */,
				6C4B9C872AC74D120037A49E /* KeyboardPicker.swift */,
				6C1BA2E82ACDADC00071BA1B /* ClearSwitch.swift */,
				6CC4DDE32AE0FD60007E4625 /* MainKeyboard.swift */,
				6CDF76D82AE02CEC000654AE /* KeyWithMenu.swift */,
				6C17ADE52AB752AC009B74AD /* ControlBar.swift */,
				6C17ADE82AB761ED009B74AD /* CursorWheel.swift */,
			);
			path = Views;
			sourceTree = "<group>";
		};
		6CDF76D52ADECA81000654AE /* ElementViews */ = {
			isa = PBXGroup;
			children = (
				6C905FDF2AFD503A008319BA /* FractionVIew.swift */,
				6CA0DDD12AD9A78F00D26009 /* RadicalView.swift */,
				6CDF76D32ADEBC36000654AE /* BracketView.swift */,
			);
			path = ElementViews;
			sourceTree = "<group>";
		};
/* End PBXGroup section */

/* Begin PBXNativeTarget section */
		6C0D90E42AA6F60E00C5D0E6 /* One */ = {
			isa = PBXNativeTarget;
			buildConfigurationList = 6C0D90F32AA6F60F00C5D0E6 /* Build configuration list for PBXNativeTarget "One" */;
			buildPhases = (
				6C0D90E12AA6F60E00C5D0E6 /* Sources */,
				6C0D90E22AA6F60E00C5D0E6 /* Frameworks */,
				6C0D90E32AA6F60E00C5D0E6 /* Resources */,
			);
			buildRules = (
			);
			dependencies = (
			);
			name = One;
			productName = One;
			productReference = 6C0D90E52AA6F60E00C5D0E6 /* One.app */;
			productType = "com.apple.product-type.application";
		};
/* End PBXNativeTarget section */

/* Begin PBXProject section */
		6C0D90DD2AA6F60E00C5D0E6 /* Project object */ = {
			isa = PBXProject;
			attributes = {
				BuildIndependentTargetsInParallel = 1;
				LastSwiftUpdateCheck = 1430;
				LastUpgradeCheck = 1430;
				TargetAttributes = {
					6C0D90E42AA6F60E00C5D0E6 = {
						CreatedOnToolsVersion = 14.3.1;
					};
				};
			};
			buildConfigurationList = 6C0D90E02AA6F60E00C5D0E6 /* Build configuration list for PBXProject "One" */;
			compatibilityVersion = "Xcode 14.0";
			developmentRegion = en;
			hasScannedForEncodings = 0;
			knownRegions = (
				en,
				Base,
			);
			mainGroup = 6C0D90DC2AA6F60E00C5D0E6;
			productRefGroup = 6C0D90E62AA6F60E00C5D0E6 /* Products */;
			projectDirPath = "";
			projectRoot = "";
			targets = (
				6C0D90E42AA6F60E00C5D0E6 /* One */,
			);
		};
/* End PBXProject section */

/* Begin PBXResourcesBuildPhase section */
		6C0D90E32AA6F60E00C5D0E6 /* Resources */ = {
			isa = PBXResourcesBuildPhase;
			buildActionMask = 2147483647;
			files = (
				6C0D90F02AA6F60F00C5D0E6 /* Preview Assets.xcassets in Resources */,
				6C17ADEB2ABA093A009B74AD /* cmunorm.ttf in Resources */,
				6C0D90ED2AA6F60F00C5D0E6 /* Assets.xcassets in Resources */,
				6CFB7D532ABA1AD6004EEB33 /* cmunobx.ttf in Resources */,
			);
			runOnlyForDeploymentPostprocessing = 0;
		};
/* End PBXResourcesBuildPhase section */

/* Begin PBXSourcesBuildPhase section */
		6C0D90E12AA6F60E00C5D0E6 /* Sources */ = {
			isa = PBXSourcesBuildPhase;
			buildActionMask = 2147483647;
			files = (
				6CCCA68D2AD8487800111EA4 /* Extensions.swift in Sources */,
				6C5F6A672AC8975900BF75FA /* MainKeyboard_old.swift in Sources */,
				6CCED0762AC58F35008A96C8 /* AnimationModifier.swift in Sources */,
				6C64BE242AD5411800D27401 /* ElementModel.swift in Sources */,
				6CCED0702AC56801008A96C8 /* FormulaViewModel.swift in Sources */,
				6C15B4B92AFE577800F02283 /* Test.swift in Sources */,
				6CEA330F2B2597EC00CB6951 /* AnswerField.swift in Sources */,
				6C2F0BEB2AFA9FDB00BEC549 /* FormulaScrollView.swift in Sources */,
				6C17ADE62AB752AC009B74AD /* ControlBar.swift in Sources */,
				6CC9D22A2AD42CBB00EB108B /* ElementModelProperties.swift in Sources */,
				6CA0DDD22AD9A78F00D26009 /* RadicalView.swift in Sources */,
				6C68D8E62AAF74B500E8C901 /* KeyAttr.swift in Sources */,
				6CB5D51B2AD2DFCD00E098A2 /* funtionBar.swift in Sources */,
				6CCED0742AC587CC008A96C8 /* CursorModifier.swift in Sources */,
				6C68D8E92AAF752200E8C901 /* KeyList.swift in Sources */,
				6CDF76D72ADED981000654AE /* InputFieldViewModel.swift in Sources */,
				6C4A78E32AB08BCF00CD776C /* Keyboard.swift in Sources */,
				6C4B9C882AC74D120037A49E /* KeyboardPicker.swift in Sources */,
				6CD03F7F2B2624D600EE60A3 /* CalculationError.swift in Sources */,
				6C0D90EB2AA6F60E00C5D0E6 /* ContentView.swift in Sources */,
				6CCED06E2AC5679F008A96C8 /* FormulaView.swift in Sources */,
				6C3A77152AF8FD37004E823D /* ScrollableView.swift in Sources */,
				6CF06CD62AF6B5FF007341D3 /* TapModifier.swift in Sources */,
				6C0D90E92AA6F60E00C5D0E6 /* OneApp.swift in Sources */,
				6CEA33112B25A0D300CB6951 /* Calculator.swift in Sources */,
				6CC4DDE42AE0FD60007E4625 /* MainKeyboard.swift in Sources */,
				6C4A78E72AB1E07300CD776C /* ClearAllSwitch.swift in Sources */,
				6CE839332B29D7F6005A05DB /* SettingsPage.swift in Sources */,
				6C17ADE92AB761ED009B74AD /* CursorWheel.swift in Sources */,
				6CB5D51D2AD2FDE800E098A2 /* Key.swift in Sources */,
				6CF8AC6F2B25D8D7004581AA /* CustomArithmetic.swift in Sources */,
				6C4A78E92AB310E400CD776C /* HapticManager.swift in Sources */,
				6C1BA2E92ACDADC00071BA1B /* ClearSwitch.swift in Sources */,
				6CF8AC6D2B25D89B004581AA /* Swift-Big-Number-Core.swift in Sources */,
				6CCED0722AC568DB008A96C8 /* FormulaModels.swift in Sources */,
				6CDF76D92AE02CEC000654AE /* KeyWithMenu.swift in Sources */,
				6C4A78E12AB08B3F00CD776C /* InputField.swift in Sources */,
				6C905FE02AFD503A008319BA /* FractionVIew.swift in Sources */,
				6CDF76D42ADEBC36000654AE /* BracketView.swift in Sources */,
			);
			runOnlyForDeploymentPostprocessing = 0;
		};
/* End PBXSourcesBuildPhase section */

/* Begin XCBuildConfiguration section */
		6C0D90F12AA6F60F00C5D0E6 /* Debug */ = {
			isa = XCBuildConfiguration;
			buildSettings = {
				ALWAYS_SEARCH_USER_PATHS = NO;
				CLANG_ANALYZER_NONNULL = YES;
				CLANG_ANALYZER_NUMBER_OBJECT_CONVERSION = YES_AGGRESSIVE;
				CLANG_CXX_LANGUAGE_STANDARD = "gnu++20";
				CLANG_ENABLE_MODULES = YES;
				CLANG_ENABLE_OBJC_ARC = YES;
				CLANG_ENABLE_OBJC_WEAK = YES;
				CLANG_WARN_BLOCK_CAPTURE_AUTORELEASING = YES;
				CLANG_WARN_BOOL_CONVERSION = YES;
				CLANG_WARN_COMMA = YES;
				CLANG_WARN_CONSTANT_CONVERSION = YES;
				CLANG_WARN_DEPRECATED_OBJC_IMPLEMENTATIONS = YES;
				CLANG_WARN_DIRECT_OBJC_ISA_USAGE = YES_ERROR;
				CLANG_WARN_DOCUMENTATION_COMMENTS = YES;
				CLANG_WARN_EMPTY_BODY = YES;
				CLANG_WARN_ENUM_CONVERSION = YES;
				CLANG_WARN_INFINITE_RECURSION = YES;
				CLANG_WARN_INT_CONVERSION = YES;
				CLANG_WARN_NON_LITERAL_NULL_CONVERSION = YES;
				CLANG_WARN_OBJC_IMPLICIT_RETAIN_SELF = YES;
				CLANG_WARN_OBJC_LITERAL_CONVERSION = YES;
				CLANG_WARN_OBJC_ROOT_CLASS = YES_ERROR;
				CLANG_WARN_QUOTED_INCLUDE_IN_FRAMEWORK_HEADER = YES;
				CLANG_WARN_RANGE_LOOP_ANALYSIS = YES;
				CLANG_WARN_STRICT_PROTOTYPES = YES;
				CLANG_WARN_SUSPICIOUS_MOVE = YES;
				CLANG_WARN_UNGUARDED_AVAILABILITY = YES_AGGRESSIVE;
				CLANG_WARN_UNREACHABLE_CODE = YES;
				CLANG_WARN__DUPLICATE_METHOD_MATCH = YES;
				COPY_PHASE_STRIP = NO;
				DEBUG_INFORMATION_FORMAT = dwarf;
				ENABLE_STRICT_OBJC_MSGSEND = YES;
				ENABLE_TESTABILITY = YES;
				GCC_C_LANGUAGE_STANDARD = gnu11;
				GCC_DYNAMIC_NO_PIC = NO;
				GCC_NO_COMMON_BLOCKS = YES;
				GCC_OPTIMIZATION_LEVEL = 0;
				GCC_PREPROCESSOR_DEFINITIONS = (
					"DEBUG=1",
					"$(inherited)",
				);
				GCC_WARN_64_TO_32_BIT_CONVERSION = YES;
				GCC_WARN_ABOUT_RETURN_TYPE = YES_ERROR;
				GCC_WARN_UNDECLARED_SELECTOR = YES;
				GCC_WARN_UNINITIALIZED_AUTOS = YES_AGGRESSIVE;
				GCC_WARN_UNUSED_FUNCTION = YES;
				GCC_WARN_UNUSED_VARIABLE = YES;
				IPHONEOS_DEPLOYMENT_TARGET = 16.0;
				MTL_ENABLE_DEBUG_INFO = INCLUDE_SOURCE;
				MTL_FAST_MATH = YES;
				ONLY_ACTIVE_ARCH = YES;
				SDKROOT = iphoneos;
				SWIFT_ACTIVE_COMPILATION_CONDITIONS = DEBUG;
				SWIFT_OPTIMIZATION_LEVEL = "-Onone";
			};
			name = Debug;
		};
		6C0D90F22AA6F60F00C5D0E6 /* Release */ = {
			isa = XCBuildConfiguration;
			buildSettings = {
				ALWAYS_SEARCH_USER_PATHS = NO;
				CLANG_ANALYZER_NONNULL = YES;
				CLANG_ANALYZER_NUMBER_OBJECT_CONVERSION = YES_AGGRESSIVE;
				CLANG_CXX_LANGUAGE_STANDARD = "gnu++20";
				CLANG_ENABLE_MODULES = YES;
				CLANG_ENABLE_OBJC_ARC = YES;
				CLANG_ENABLE_OBJC_WEAK = YES;
				CLANG_WARN_BLOCK_CAPTURE_AUTORELEASING = YES;
				CLANG_WARN_BOOL_CONVERSION = YES;
				CLANG_WARN_COMMA = YES;
				CLANG_WARN_CONSTANT_CONVERSION = YES;
				CLANG_WARN_DEPRECATED_OBJC_IMPLEMENTATIONS = YES;
				CLANG_WARN_DIRECT_OBJC_ISA_USAGE = YES_ERROR;
				CLANG_WARN_DOCUMENTATION_COMMENTS = YES;
				CLANG_WARN_EMPTY_BODY = YES;
				CLANG_WARN_ENUM_CONVERSION = YES;
				CLANG_WARN_INFINITE_RECURSION = YES;
				CLANG_WARN_INT_CONVERSION = YES;
				CLANG_WARN_NON_LITERAL_NULL_CONVERSION = YES;
				CLANG_WARN_OBJC_IMPLICIT_RETAIN_SELF = YES;
				CLANG_WARN_OBJC_LITERAL_CONVERSION = YES;
				CLANG_WARN_OBJC_ROOT_CLASS = YES_ERROR;
				CLANG_WARN_QUOTED_INCLUDE_IN_FRAMEWORK_HEADER = YES;
				CLANG_WARN_RANGE_LOOP_ANALYSIS = YES;
				CLANG_WARN_STRICT_PROTOTYPES = YES;
				CLANG_WARN_SUSPICIOUS_MOVE = YES;
				CLANG_WARN_UNGUARDED_AVAILABILITY = YES_AGGRESSIVE;
				CLANG_WARN_UNREACHABLE_CODE = YES;
				CLANG_WARN__DUPLICATE_METHOD_MATCH = YES;
				COPY_PHASE_STRIP = NO;
				DEBUG_INFORMATION_FORMAT = "dwarf-with-dsym";
				ENABLE_NS_ASSERTIONS = NO;
				ENABLE_STRICT_OBJC_MSGSEND = YES;
				GCC_C_LANGUAGE_STANDARD = gnu11;
				GCC_NO_COMMON_BLOCKS = YES;
				GCC_WARN_64_TO_32_BIT_CONVERSION = YES;
				GCC_WARN_ABOUT_RETURN_TYPE = YES_ERROR;
				GCC_WARN_UNDECLARED_SELECTOR = YES;
				GCC_WARN_UNINITIALIZED_AUTOS = YES_AGGRESSIVE;
				GCC_WARN_UNUSED_FUNCTION = YES;
				GCC_WARN_UNUSED_VARIABLE = YES;
				IPHONEOS_DEPLOYMENT_TARGET = 16.0;
				MTL_ENABLE_DEBUG_INFO = NO;
				MTL_FAST_MATH = YES;
				SDKROOT = iphoneos;
				SWIFT_COMPILATION_MODE = wholemodule;
				SWIFT_OPTIMIZATION_LEVEL = "-O";
				VALIDATE_PRODUCT = YES;
			};
			name = Release;
		};
		6C0D90F42AA6F60F00C5D0E6 /* Debug */ = {
			isa = XCBuildConfiguration;
			buildSettings = {
				ASSETCATALOG_COMPILER_APPICON_NAME = AppIcon;
				ASSETCATALOG_COMPILER_GLOBAL_ACCENT_COLOR_NAME = AccentColor;
				CODE_SIGN_STYLE = Automatic;
				CURRENT_PROJECT_VERSION = 1;
				DEVELOPMENT_ASSET_PATHS = "\"One/Preview Content\"";
				DEVELOPMENT_TEAM = HS65967R83;
				ENABLE_PREVIEWS = YES;
				GENERATE_INFOPLIST_FILE = YES;
				INFOPLIST_FILE = One/Info.plist;
				INFOPLIST_KEY_UIApplicationSceneManifest_Generation = YES;
				INFOPLIST_KEY_UIApplicationSupportsIndirectInputEvents = YES;
				INFOPLIST_KEY_UILaunchScreen_Generation = YES;
				INFOPLIST_KEY_UISupportedInterfaceOrientations = UIInterfaceOrientationPortrait;
				INFOPLIST_KEY_UISupportedInterfaceOrientations_iPad = "UIInterfaceOrientationLandscapeLeft UIInterfaceOrientationLandscapeRight UIInterfaceOrientationPortrait UIInterfaceOrientationPortraitUpsideDown";
				IPHONEOS_DEPLOYMENT_TARGET = 16.0;
				LD_RUNPATH_SEARCH_PATHS = (
					"$(inherited)",
					"@executable_path/Frameworks",
				);
				MARKETING_VERSION = 1.0;
				PRODUCT_BUNDLE_IDENTIFIER = Tingwu.One;
				PRODUCT_NAME = "$(TARGET_NAME)";
				SUPPORTED_PLATFORMS = "iphoneos iphonesimulator";
				SUPPORTS_MACCATALYST = NO;
				SUPPORTS_MAC_DESIGNED_FOR_IPHONE_IPAD = NO;
				SWIFT_EMIT_LOC_STRINGS = YES;
				SWIFT_VERSION = 5.0;
				TARGETED_DEVICE_FAMILY = 1;
			};
			name = Debug;
		};
		6C0D90F52AA6F60F00C5D0E6 /* Release */ = {
			isa = XCBuildConfiguration;
			buildSettings = {
				ASSETCATALOG_COMPILER_APPICON_NAME = AppIcon;
				ASSETCATALOG_COMPILER_GLOBAL_ACCENT_COLOR_NAME = AccentColor;
				CODE_SIGN_STYLE = Automatic;
				CURRENT_PROJECT_VERSION = 1;
				DEVELOPMENT_ASSET_PATHS = "\"One/Preview Content\"";
				DEVELOPMENT_TEAM = HS65967R83;
				ENABLE_PREVIEWS = YES;
				GENERATE_INFOPLIST_FILE = YES;
				INFOPLIST_FILE = One/Info.plist;
				INFOPLIST_KEY_UIApplicationSceneManifest_Generation = YES;
				INFOPLIST_KEY_UIApplicationSupportsIndirectInputEvents = YES;
				INFOPLIST_KEY_UILaunchScreen_Generation = YES;
				INFOPLIST_KEY_UISupportedInterfaceOrientations = UIInterfaceOrientationPortrait;
				INFOPLIST_KEY_UISupportedInterfaceOrientations_iPad = "UIInterfaceOrientationLandscapeLeft UIInterfaceOrientationLandscapeRight UIInterfaceOrientationPortrait UIInterfaceOrientationPortraitUpsideDown";
				IPHONEOS_DEPLOYMENT_TARGET = 16.0;
				LD_RUNPATH_SEARCH_PATHS = (
					"$(inherited)",
					"@executable_path/Frameworks",
				);
				MARKETING_VERSION = 1.0;
				PRODUCT_BUNDLE_IDENTIFIER = Tingwu.One;
				PRODUCT_NAME = "$(TARGET_NAME)";
				SUPPORTED_PLATFORMS = "iphoneos iphonesimulator";
				SUPPORTS_MACCATALYST = NO;
				SUPPORTS_MAC_DESIGNED_FOR_IPHONE_IPAD = NO;
				SWIFT_EMIT_LOC_STRINGS = YES;
				SWIFT_VERSION = 5.0;
				TARGETED_DEVICE_FAMILY = 1;
			};
			name = Release;
		};
/* End XCBuildConfiguration section */

/* Begin XCConfigurationList section */
		6C0D90E02AA6F60E00C5D0E6 /* Build configuration list for PBXProject "One" */ = {
			isa = XCConfigurationList;
			buildConfigurations = (
				6C0D90F12AA6F60F00C5D0E6 /* Debug */,
				6C0D90F22AA6F60F00C5D0E6 /* Release */,
			);
			defaultConfigurationIsVisible = 0;
			defaultConfigurationName = Release;
		};
		6C0D90F32AA6F60F00C5D0E6 /* Build configuration list for PBXNativeTarget "One" */ = {
			isa = XCConfigurationList;
			buildConfigurations = (
				6C0D90F42AA6F60F00C5D0E6 /* Debug */,
				6C0D90F52AA6F60F00C5D0E6 /* Release */,
			);
			defaultConfigurationIsVisible = 0;
			defaultConfigurationName = Release;
		};
/* End XCConfigurationList section */
	};
	rootObject = 6C0D90DD2AA6F60E00C5D0E6 /* Project object */;
}
